
Microsoft Visual Studio Solution File, Format Version 12.00
# Visual Studio 15
VisualStudioVersion = 15.0.27703.2026
MinimumVisualStudioVersion = 10.0.40219.1
Project("{2150E333-8FDC-42A3-9474-1A3956D46DE8}") = "Solution Items", "Solution Items", "{7C88F7B4-5C82-425D-B410-05082EA9DCC2}"
	ProjectSection(SolutionItems) = preProject
		ConsoleLog.html = ConsoleLog.html
		DocumentWriteEx.html = DocumentWriteEx.html
		InnerHTMLEX.html = InnerHTMLEX.html
		WindowAlertEx.html = WindowAlertEx.html
	EndProjectSection
EndProject
Global
	GlobalSection(SolutionProperties) = preSolution
		HideSolutionNode = FALSE
	EndGlobalSection
	GlobalSection(ExtensibilityGlobals) = postSolution
		SolutionGuid = {B1EB0DEB-3B1C-408D-A223-8632A741F5F5}
	EndGlobalSection
EndGlobal
